// !$*UTF8*$!
{
	archiveVersion = 1;
	classes = {
	};
	objectVersion = 71;
	objects = {

/* Begin PBXBuildFile section */
		002203CC1250798ED934A658 /* SharedCountdownComponents.swift in Sources */ = {isa = PBXBuildFile; fileRef = 01241D3B33D7C7D2F44B91CA /* SharedCountdownComponents.swift */; };
		07A703B835573E8DDDF7B40B /* HeroOrb.swift in Sources */ = {isa = PBXBuildFile; fileRef = 2F5F20372C2A4F9200A30005 /* HeroOrb.swift */; };
		16808A2DEDFAA567E19D0E97 /* IOSCountdownView.swift in Sources */ = {isa = PBXBuildFile; fileRef = 9AE0CB5BFF95C0C7CA1F12F9 /* IOSCountdownView.swift */; };
		1817ED6FF5C719B33CBCF1BE /* MenuBarCountdownView.swift in Sources */ = {isa = PBXBuildFile; fileRef = 2F5F20372C2A4F9200A30006 /* MenuBarCountdownView.swift */; };
		19091A56AB997089DFA0D560 /* AppTheme.swift in Sources */ = {isa = PBXBuildFile; fileRef = 2F5F20372C2A4F9200A30002 /* AppTheme.swift */; };
		2714E968CA2C72962B47F0B3 /* ContentView.swift in Sources */ = {isa = PBXBuildFile; fileRef = 2F5F20372C2A4F9200A30003 /* ContentView.swift */; };
		2F5F20372C2A4F9200A20001 /* AnimatedBackgrounds.swift in Sources */ = {isa = PBXBuildFile; fileRef = 2F5F20372C2A4F9200A30001 /* AnimatedBackgrounds.swift */; };
		2F5F20372C2A4F9200A20002 /* AppTheme.swift in Sources */ = {isa = PBXBuildFile; fileRef = 2F5F20372C2A4F9200A30002 /* AppTheme.swift */; };
		2F5F20372C2A4F9200A20003 /* ContentView.swift in Sources */ = {isa = PBXBuildFile; fileRef = 2F5F20372C2A4F9200A30003 /* ContentView.swift */; };
		2F5F20372C2A4F9200A20004 /* EventDates.swift in Sources */ = {isa = PBXBuildFile; fileRef = 2F5F20372C2A4F9200A30004 /* EventDates.swift */; };
		2F5F20372C2A4F9200A20005 /* HeroOrb.swift in Sources */ = {isa = PBXBuildFile; fileRef = 2F5F20372C2A4F9200A30005 /* HeroOrb.swift */; };
		2F5F20372C2A4F9200A20006 /* MenuBarCountdownView.swift in Sources */ = {isa = PBXBuildFile; fileRef = 2F5F20372C2A4F9200A30006 /* MenuBarCountdownView.swift */; };
		2F5F20372C2A4F9200A20007 /* WWDCCountdownApp.swift in Sources */ = {isa = PBXBuildFile; fileRef = 2F5F20372C2A4F9200A30007 /* WWDCCountdownApp.swift */; };
		2F5F20372C2A4F9200A20008 /* AppDelegate.swift in Sources */ = {isa = PBXBuildFile; fileRef = 2F5F20372C2A4F9200A3000D /* AppDelegate.swift */; };
		435A6F9F2E730CF577AF06DA /* SharedCountdownComponents.swift in Sources */ = {isa = PBXBuildFile; fileRef = 01241D3B33D7C7D2F44B91CA /* SharedCountdownComponents.swift */; };
		45B09F643DF6971C87582BEE /* Assets.xcassets in Resources */ = {isa = PBXBuildFile; fileRef = 3C6B7D613CD6C6D5C2D60CFC /* Assets.xcassets */; };
		4897BDEA2FD52787333C67F6 /* AnimatedBackgrounds.swift in Sources */ = {isa = PBXBuildFile; fileRef = 2F5F20372C2A4F9200A30001 /* AnimatedBackgrounds.swift */; };
		5BCFE74F0D0BC1BA0566662E /* WWDCCountdownApp.swift in Sources */ = {isa = PBXBuildFile; fileRef = 2F5F20372C2A4F9200A30007 /* WWDCCountdownApp.swift */; };
		92FE2EA057920BFFD1678CF2 /* AppDelegate.swift in Sources */ = {isa = PBXBuildFile; fileRef = 2F5F20372C2A4F9200A3000D /* AppDelegate.swift */; };
		9D41EA9571FF64FC7F5CD9FE /* IOSCountdownView.swift in Sources */ = {isa = PBXBuildFile; fileRef = 9AE0CB5BFF95C0C7CA1F12F9 /* IOSCountdownView.swift */; };
		D8A9948A3750304378364928 /* EventDates.swift in Sources */ = {isa = PBXBuildFile; fileRef = 2F5F20372C2A4F9200A30004 /* EventDates.swift */; };
		F5D10DA6B63A0D4377CBEEDD /* Foundation.framework in Frameworks */ = {isa = PBXBuildFile; fileRef = D118EA2F939D50969F30CD2B /* Foundation.framework */; };
/* End PBXBuildFile section */

/* Begin PBXFileReference section */
		01241D3B33D7C7D2F44B91CA /* SharedCountdownComponents.swift */ = {isa = PBXFileReference; includeInIndex = 1; lastKnownFileType = sourcecode.swift; path = SharedCountdownComponents.swift; sourceTree = "<group>"; };
		2F5F20372C2A4F9200A30001 /* AnimatedBackgrounds.swift */ = {isa = PBXFileReference; lastKnownFileType = sourcecode.swift; path = AnimatedBackgrounds.swift; sourceTree = "<group>"; };
		2F5F20372C2A4F9200A30002 /* AppTheme.swift */ = {isa = PBXFileReference; lastKnownFileType = sourcecode.swift; path = AppTheme.swift; sourceTree = "<group>"; };
		2F5F20372C2A4F9200A30003 /* ContentView.swift */ = {isa = PBXFileReference; lastKnownFileType = sourcecode.swift; path = ContentView.swift; sourceTree = "<group>"; };
		2F5F20372C2A4F9200A30004 /* EventDates.swift */ = {isa = PBXFileReference; lastKnownFileType = sourcecode.swift; path = EventDates.swift; sourceTree = "<group>"; };
		2F5F20372C2A4F9200A30005 /* HeroOrb.swift */ = {isa = PBXFileReference; lastKnownFileType = sourcecode.swift; path = HeroOrb.swift; sourceTree = "<group>"; };
		2F5F20372C2A4F9200A30006 /* MenuBarCountdownView.swift */ = {isa = PBXFileReference; lastKnownFileType = sourcecode.swift; path = MenuBarCountdownView.swift; sourceTree = "<group>"; };
		2F5F20372C2A4F9200A30007 /* WWDCCountdownApp.swift */ = {isa = PBXFileReference; lastKnownFileType = sourcecode.swift; path = WWDCCountdownApp.swift; sourceTree = "<group>"; };
		2F5F20372C2A4F9200A30008 /* Package.swift */ = {isa = PBXFileReference; lastKnownFileType = sourcecode.swift; path = Package.swift; sourceTree = "<group>"; };
		2F5F20372C2A4F9200A30009 /* README.md */ = {isa = PBXFileReference; lastKnownFileType = net.daringfireball.markdown; path = README.md; sourceTree = "<group>"; };
		2F5F20372C2A4F9200A3000A /* build-app.sh */ = {isa = PBXFileReference; lastKnownFileType = text.script.sh; path = "build-app.sh"; sourceTree = "<group>"; };
		2F5F20372C2A4F9200A3000B /* generate-icon.swift */ = {isa = PBXFileReference; lastKnownFileType = sourcecode.swift; path = "generate-icon.swift"; sourceTree = "<group>"; };
		2F5F20372C2A4F9200A3000C /* WWDC26Countdown.app */ = {isa = PBXFileReference; explicitFileType = wrapper.application; includeInIndex = 0; path = WWDC26Countdown.app; sourceTree = BUILT_PRODUCTS_DIR; };
		2F5F20372C2A4F9200A3000D /* AppDelegate.swift */ = {isa = PBXFileReference; lastKnownFileType = sourcecode.swift; path = AppDelegate.swift; sourceTree = "<group>"; };
		2F5F20372C2A4F9200A3000E /* Info.plist */ = {isa = PBXFileReference; lastKnownFileType = text.plist.xml; path = Info.plist; sourceTree = "<group>"; };
		39554B948A0F1290C3F453AD /* WWDC26Countdown.app */ = {isa = PBXFileReference; explicitFileType = wrapper.application; includeInIndex = 0; path = WWDC26Countdown.app; sourceTree = BUILT_PRODUCTS_DIR; };
		3C6B7D613CD6C6D5C2D60CFC /* Assets.xcassets */ = {isa = PBXFileReference; includeInIndex = 1; lastKnownFileType = folder.assetcatalog; path = Assets.xcassets; sourceTree = "<group>"; };
		6DBE0B1C0368B66AA161F028 /* Info-iOS.plist */ = {isa = PBXFileReference; includeInIndex = 1; lastKnownFileType = text.plist.xml; path = "Info-iOS.plist"; sourceTree = "<group>"; };
		9AE0CB5BFF95C0C7CA1F12F9 /* IOSCountdownView.swift */ = {isa = PBXFileReference; includeInIndex = 1; lastKnownFileType = sourcecode.swift; path = IOSCountdownView.swift; sourceTree = "<group>"; };
		D118EA2F939D50969F30CD2B /* Foundation.framework */ = {isa = PBXFileReference; lastKnownFileType = wrapper.framework; name = Foundation.framework; path = Platforms/iPhoneOS.platform/Developer/SDKs/iPhoneOS18.0.sdk/System/Library/Frameworks/Foundation.framework; sourceTree = DEVELOPER_DIR; };
/* End PBXFileReference section */

/* Begin PBXFrameworksBuildPhase section */
		2F5F20372C2A4F9200A40001 /* Frameworks */ = {
			isa = PBXFrameworksBuildPhase;
			buildActionMask = 2147483647;
			files = (
			);
			runOnlyForDeploymentPostprocessing = 0;
		};
		AA66560388D4DDBADC572C4E /* Frameworks */ = {
			isa = PBXFrameworksBuildPhase;
			buildActionMask = 2147483647;
			files = (
				F5D10DA6B63A0D4377CBEEDD /* Foundation.framework in Frameworks */,
			);
			runOnlyForDeploymentPostprocessing = 0;
		};
/* End PBXFrameworksBuildPhase section */

/* Begin PBXGroup section */
		2F5F20372C2A4F9200A50001 = {
			isa = PBXGroup;
			children = (
				2F5F20372C2A4F9200A30008 /* Package.swift */,
				2F5F20372C2A4F9200A30009 /* README.md */,
				2F5F20372C2A4F9200A50002 /* Sources */,
				2F5F20372C2A4F9200A50006 /* Resources */,
				2F5F20372C2A4F9200A50004 /* Scripts */,
				2F5F20372C2A4F9200A50005 /* Products */,
				5D83221D67BA1C20FCD8DC3E /* Frameworks */,
			);
			sourceTree = "<group>";
		};
		2F5F20372C2A4F9200A50002 /* Sources */ = {
			isa = PBXGroup;
			children = (
				2F5F20372C2A4F9200A50003 /* WWDCCountdownApp */,
			);
			path = Sources;
			sourceTree = "<group>";
		};
		2F5F20372C2A4F9200A50003 /* WWDCCountdownApp */ = {
			isa = PBXGroup;
			children = (
				2F5F20372C2A4F9200A30001 /* AnimatedBackgrounds.swift */,
				2F5F20372C2A4F9200A3000D /* AppDelegate.swift */,
				2F5F20372C2A4F9200A30002 /* AppTheme.swift */,
				2F5F20372C2A4F9200A30003 /* ContentView.swift */,
				2F5F20372C2A4F9200A30004 /* EventDates.swift */,
				2F5F20372C2A4F9200A30005 /* HeroOrb.swift */,
				2F5F20372C2A4F9200A30006 /* MenuBarCountdownView.swift */,
				2F5F20372C2A4F9200A30007 /* WWDCCountdownApp.swift */,
				9AE0CB5BFF95C0C7CA1F12F9 /* IOSCountdownView.swift */,
				01241D3B33D7C7D2F44B91CA /* SharedCountdownComponents.swift */,
			);
			path = WWDCCountdownApp;
			sourceTree = "<group>";
		};
		2F5F20372C2A4F9200A50004 /* Scripts */ = {
			isa = PBXGroup;
			children = (
				2F5F20372C2A4F9200A3000A /* build-app.sh */,
				2F5F20372C2A4F9200A3000B /* generate-icon.swift */,
			);
			path = Scripts;
			sourceTree = "<group>";
		};
		2F5F20372C2A4F9200A50005 /* Products */ = {
			isa = PBXGroup;
			children = (
				2F5F20372C2A4F9200A3000C /* WWDC26Countdown.app */,
				39554B948A0F1290C3F453AD /* WWDC26Countdown.app */,
			);
			name = Products;
			sourceTree = "<group>";
		};
		2F5F20372C2A4F9200A50006 /* Resources */ = {
			isa = PBXGroup;
			children = (
				2F5F20372C2A4F9200A3000E /* Info.plist */,
				3C6B7D613CD6C6D5C2D60CFC /* Assets.xcassets */,
				6DBE0B1C0368B66AA161F028 /* Info-iOS.plist */,
			);
			path = Resources;
			sourceTree = "<group>";
		};
		5D83221D67BA1C20FCD8DC3E /* Frameworks */ = {
			isa = PBXGroup;
			children = (
				C986133C3FE48C76CA68E27C /* iOS */,
			);
			name = Frameworks;
			sourceTree = "<group>";
		};
		C986133C3FE48C76CA68E27C /* iOS */ = {
			isa = PBXGroup;
			children = (
				D118EA2F939D50969F30CD2B /* Foundation.framework */,
			);
			name = iOS;
			sourceTree = "<group>";
		};
/* End PBXGroup section */

/* Begin PBXNativeTarget section */
		2F5F20372C2A4F9200A10001 /* WWDC26Countdown */ = {
			isa = PBXNativeTarget;
			buildConfigurationList = 2F5F20372C2A4F9200AA002 /* Build configuration list for PBXNativeTarget "WWDC26Countdown" */;
			buildPhases = (
				2F5F20372C2A4F9200A40002 /* Sources */,
				2F5F20372C2A4F9200A40001 /* Frameworks */,
				2F5F20372C2A4F9200A40003 /* Resources */,
				2F5F20372C2A4F9200A40004 /* Generate App Icon */,
			);
			buildRules = (
			);
			dependencies = (
			);
			name = WWDC26Countdown;
			productName = WWDC26Countdown;
			productReference = 2F5F20372C2A4F9200A3000C /* WWDC26Countdown.app */;
			productType = "com.apple.product-type.application";
		};
		C4952E346F9B24042707AED5 /* WWDC26Countdown iOS */ = {
			isa = PBXNativeTarget;
			buildConfigurationList = 8893F79C780AFAE565B0F4E9 /* Build configuration list for PBXNativeTarget "WWDC26Countdown iOS" */;
			buildPhases = (
				517168847A330AFF04C7BA37 /* Sources */,
				AA66560388D4DDBADC572C4E /* Frameworks */,
				02DD9D1856F100F756B1A238 /* Resources */,
			);
			buildRules = (
			);
			dependencies = (
			);
			name = "WWDC26Countdown iOS";
			productName = "WWDC26Countdown iOS";
			productReference = 39554B948A0F1290C3F453AD /* WWDC26Countdown.app */;
			productType = "com.apple.product-type.application";
		};
/* End PBXNativeTarget section */

/* Begin PBXProject section */
		2F5F20372C2A4F9200A00001 /* Project object */ = {
			isa = PBXProject;
			attributes = {
				BuildIndependentTargetsInParallel = 1;
				LastSwiftUpdateCheck = 2604;
				LastUpgradeCheck = 2604;
				TargetAttributes = {
					2F5F20372C2A4F9200A10001 = {
						CreatedOnToolsVersion = 26.4;
					};
				};
			};
			buildConfigurationList = 2F5F20372C2A4F9200AA001 /* Build configuration list for PBXProject "WWDC26Countdown" */;
			compatibilityVersion = "Xcode 16.0";
			developmentRegion = en;
			hasScannedForEncodings = 0;
			knownRegions = (
				en,
				Base,
			);
			mainGroup = 2F5F20372C2A4F9200A50001;
			minimizedProjectReferenceProxies = 1;
			productRefGroup = 2F5F20372C2A4F9200A50005 /* Products */;
			projectDirPath = "";
			projectRoot = "";
			targets = (
				2F5F20372C2A4F9200A10001 /* WWDC26Countdown */,
				C4952E346F9B24042707AED5 /* WWDC26Countdown iOS */,
			);
		};
/* End PBXProject section */

/* Begin PBXResourcesBuildPhase section */
		02DD9D1856F100F756B1A238 /* Resources */ = {
			isa = PBXResourcesBuildPhase;
			buildActionMask = 2147483647;
			files = (
				45B09F643DF6971C87582BEE /* Assets.xcassets in Resources */,
			);
			runOnlyForDeploymentPostprocessing = 0;
		};
		2F5F20372C2A4F9200A40003 /* Resources */ = {
			isa = PBXResourcesBuildPhase;
			buildActionMask = 2147483647;
			files = (
			);
			runOnlyForDeploymentPostprocessing = 0;
		};
/* End PBXResourcesBuildPhase section */

/* Begin PBXShellScriptBuildPhase section */
		2F5F20372C2A4F9200A40004 /* Generate App Icon */ = {
			isa = PBXShellScriptBuildPhase;
			buildActionMask = 2147483647;
			files = (
			);
			inputFileListPaths = (
			);
			inputPaths = (
				"$(SRCROOT)/Scripts/generate-icon.swift",
			);
			name = "Generate App Icon";
			outputFileListPaths = (
			);
			outputPaths = (
				"$(TARGET_BUILD_DIR)/$(UNLOCALIZED_RESOURCES_FOLDER_PATH)/AppIcon.icns",
			);
			runOnlyForDeploymentPostprocessing = 0;
			shellPath = /bin/sh;
			shellScript = "set -euo pipefail\nICON_SOURCE=\"$DERIVED_FILE_DIR/AppIcon-1024.png\"\nICONSET_DIR=\"$DERIVED_FILE_DIR/AppIcon.iconset\"\nRESOURCES_DIR=\"$TARGET_BUILD_DIR/$UNLOCALIZED_RESOURCES_FOLDER_PATH\"\nmkdir -p \"$RESOURCES_DIR\"\nswift \"$SRCROOT/Scripts/generate-icon.swift\" \"$ICON_SOURCE\"\nrm -rf \"$ICONSET_DIR\"\nmkdir -p \"$ICONSET_DIR\"\nsips -z 16 16 \"$ICON_SOURCE\" --out \"$ICONSET_DIR/icon_16x16.png\" >/dev/null\nsips -z 32 32 \"$ICON_SOURCE\" --out \"$ICONSET_DIR/icon_16x16@2x.png\" >/dev/null\nsips -z 32 32 \"$ICON_SOURCE\" --out \"$ICONSET_DIR/icon_32x32.png\" >/dev/null\nsips -z 64 64 \"$ICON_SOURCE\" --out \"$ICONSET_DIR/icon_32x32@2x.png\" >/dev/null\nsips -z 128 128 \"$ICON_SOURCE\" --out \"$ICONSET_DIR/icon_128x128.png\" >/dev/null\nsips -z 256 256 \"$ICON_SOURCE\" --out \"$ICONSET_DIR/icon_128x128@2x.png\" >/dev/null\nsips -z 256 256 \"$ICON_SOURCE\" --out \"$ICONSET_DIR/icon_256x256.png\" >/dev/null\nsips -z 512 512 \"$ICON_SOURCE\" --out \"$ICONSET_DIR/icon_256x256@2x.png\" >/dev/null\nsips -z 512 512 \"$ICON_SOURCE\" --out \"$ICONSET_DIR/icon_512x512.png\" >/dev/null\nsips -z 1024 1024 \"$ICON_SOURCE\" --out \"$ICONSET_DIR/icon_512x512@2x.png\" >/dev/null\niconutil -c icns \"$ICONSET_DIR\" -o \"$RESOURCES_DIR/AppIcon.icns\"\n";
		};
/* End PBXShellScriptBuildPhase section */

/* Begin PBXSourcesBuildPhase section */
		2F5F20372C2A4F9200A40002 /* Sources */ = {
			isa = PBXSourcesBuildPhase;
			buildActionMask = 2147483647;
			files = (
				2F5F20372C2A4F9200A20001 /* AnimatedBackgrounds.swift in Sources */,
				2F5F20372C2A4F9200A20008 /* AppDelegate.swift in Sources */,
				2F5F20372C2A4F9200A20002 /* AppTheme.swift in Sources */,
				2F5F20372C2A4F9200A20003 /* ContentView.swift in Sources */,
				2F5F20372C2A4F9200A20004 /* EventDates.swift in Sources */,
				2F5F20372C2A4F9200A20005 /* HeroOrb.swift in Sources */,
				2F5F20372C2A4F9200A20006 /* MenuBarCountdownView.swift in Sources */,
				2F5F20372C2A4F9200A20007 /* WWDCCountdownApp.swift in Sources */,
				9D41EA9571FF64FC7F5CD9FE /* IOSCountdownView.swift in Sources */,
				435A6F9F2E730CF577AF06DA /* SharedCountdownComponents.swift in Sources */,
			);
			runOnlyForDeploymentPostprocessing = 0;
		};
		517168847A330AFF04C7BA37 /* Sources */ = {
			isa = PBXSourcesBuildPhase;
			buildActionMask = 2147483647;
			files = (
				4897BDEA2FD52787333C67F6 /* AnimatedBackgrounds.swift in Sources */,
				92FE2EA057920BFFD1678CF2 /* AppDelegate.swift in Sources */,
				19091A56AB997089DFA0D560 /* AppTheme.swift in Sources */,
				2714E968CA2C72962B47F0B3 /* ContentView.swift in Sources */,
				D8A9948A3750304378364928 /* EventDates.swift in Sources */,
				07A703B835573E8DDDF7B40B /* HeroOrb.swift in Sources */,
				16808A2DEDFAA567E19D0E97 /* IOSCountdownView.swift in Sources */,
				1817ED6FF5C719B33CBCF1BE /* MenuBarCountdownView.swift in Sources */,
				002203CC1250798ED934A658 /* SharedCountdownComponents.swift in Sources */,
				5BCFE74F0D0BC1BA0566662E /* WWDCCountdownApp.swift in Sources */,
			);
			runOnlyForDeploymentPostprocessing = 0;
		};
/* End PBXSourcesBuildPhase section */

/* Begin XCBuildConfiguration section */
		2023A325C0A2B9905B39BAB1 /* Debug */ = {
			isa = XCBuildConfiguration;
			buildSettings = {
				ASSETCATALOG_COMPILER_APPICON_NAME = AppIcon;
				ASSETCATALOG_COMPILER_GLOBAL_ACCENT_COLOR_NAME = AccentColor;
				CLANG_ENABLE_OBJC_WEAK = NO;
				CODE_SIGN_STYLE = Automatic;
				CURRENT_PROJECT_VERSION = 1;
				DEVELOPMENT_TEAM = KYCVLD89Y4;
				GENERATE_INFOPLIST_FILE = NO;
				INFOPLIST_FILE = "Resources/Info-iOS.plist";
				IPHONEOS_DEPLOYMENT_TARGET = 26.0;
				LD_RUNPATH_SEARCH_PATHS = (
					"$(inherited)",
					"@executable_path/Frameworks",
				);
				MARKETING_VERSION = 1.0;
				PRODUCT_BUNDLE_IDENTIFIER = "dev.codex.wwdc26-countdown.ios";
				PRODUCT_NAME = WWDC26Countdown;
				SDKROOT = iphoneos;
				SUPPORTED_PLATFORMS = "iphoneos iphonesimulator";
				SUPPORTS_MACCATALYST = NO;
				SUPPORTS_MAC_DESIGNED_FOR_IPHONE_IPAD = NO;
				SWIFT_EMIT_LOC_STRINGS = YES;
				SWIFT_STRICT_CONCURRENCY = complete;
				SWIFT_VERSION = 6.0;
				TARGETED_DEVICE_FAMILY = "1,2";
			};
			name = Debug;
		};
		2F5F20372C2A4F9200AB001 /* Debug */ = {
			isa = XCBuildConfiguration;
			buildSettings = {
				ALWAYS_SEARCH_USER_PATHS = NO;
				CLANG_ANALYZER_NONNULL = YES;
				CLANG_ANALYZER_NUMBER_OBJECT_CONVERSION = YES_AGGRESSIVE;
				CLANG_CXX_LANGUAGE_STANDARD = "gnu++20";
				CLANG_ENABLE_MODULES = YES;
				CLANG_ENABLE_OBJC_ARC = YES;
				CLANG_ENABLE_OBJC_WEAK = YES;
				CLANG_WARN_BLOCK_CAPTURE_AUTORELEASING = YES;
				CLANG_WARN_BOOL_CONVERSION = YES;
				CLANG_WARN_COMMA = YES;
				CLANG_WARN_CONSTANT_CONVERSION = YES;
				CLANG_WARN_DEPRECATED_OBJC_IMPLEMENTATIONS = YES;
				CLANG_WARN_DIRECT_OBJC_ISA_USAGE = YES_ERROR;
				CLANG_WARN_DOCUMENTATION_COMMENTS = YES;
				CLANG_WARN_EMPTY_BODY = YES;
				CLANG_WARN_ENUM_CONVERSION = YES;
				CLANG_WARN_INFINITE_RECURSION = YES;
				CLANG_WARN_INT_CONVERSION = YES;
				CLANG_WARN_NON_LITERAL_NULL_CONVERSION = YES;
				CLANG_WARN_OBJC_IMPLICIT_RETAIN_SELF = YES;
				CLANG_WARN_OBJC_LITERAL_CONVERSION = YES;
				CLANG_WARN_OBJC_ROOT_CLASS = YES_ERROR;
				CLANG_WARN_QUOTED_INCLUDE_IN_FRAMEWORK_HEADER = YES;
				CLANG_WARN_RANGE_LOOP_ANALYSIS = YES;
				CLANG_WARN_STRICT_PROTOTYPES = YES;
				CLANG_WARN_SUSPICIOUS_MOVE = YES;
				CLANG_WARN_UNGUARDED_AVAILABILITY = YES_AGGRESSIVE;
				CLANG_WARN_UNREACHABLE_CODE = YES;
				CLANG_WARN__DUPLICATE_METHOD_MATCH = YES;
				COPY_PHASE_STRIP = NO;
				DEBUG_INFORMATION_FORMAT = dwarf;
				ENABLE_STRICT_OBJC_MSGSEND = YES;
				ENABLE_TESTABILITY = YES;
				GCC_C_LANGUAGE_STANDARD = gnu17;
				GCC_DYNAMIC_NO_PIC = NO;
				GCC_NO_COMMON_BLOCKS = YES;
				GCC_OPTIMIZATION_LEVEL = 0;
				GCC_PREPROCESSOR_DEFINITIONS = (
					"DEBUG=1",
					"$(inherited)",
				);
				GCC_WARN_64_TO_32_BIT_CONVERSION = YES;
				GCC_WARN_ABOUT_RETURN_TYPE = YES_ERROR;
				GCC_WARN_UNDECLARED_SELECTOR = YES;
				GCC_WARN_UNINITIALIZED_AUTOS = YES_AGGRESSIVE;
				GCC_WARN_UNUSED_FUNCTION = YES;
				GCC_WARN_UNUSED_VARIABLE = YES;
				LOCALIZATION_PREFERS_STRING_CATALOGS = YES;
				MTL_ENABLE_DEBUG_INFO = INCLUDE_SOURCE;
				MTL_FAST_MATH = YES;
				ONLY_ACTIVE_ARCH = YES;
				SDKROOT = macosx;
				SWIFT_ACTIVE_COMPILATION_CONDITIONS = "DEBUG $(inherited)";
				SWIFT_OPTIMIZATION_LEVEL = "-Onone";
			};
			name = Debug;
		};
		2F5F20372C2A4F9200AB002 /* Release */ = {
			isa = XCBuildConfiguration;
			buildSettings = {
				ALWAYS_SEARCH_USER_PATHS = NO;
				CLANG_ANALYZER_NONNULL = YES;
				CLANG_ANALYZER_NUMBER_OBJECT_CONVERSION = YES_AGGRESSIVE;
				CLANG_CXX_LANGUAGE_STANDARD = "gnu++20";
				CLANG_ENABLE_MODULES = YES;
				CLANG_ENABLE_OBJC_ARC = YES;
				CLANG_ENABLE_OBJC_WEAK = YES;
				CLANG_WARN_BLOCK_CAPTURE_AUTORELEASING = YES;
				CLANG_WARN_BOOL_CONVERSION = YES;
				CLANG_WARN_COMMA = YES;
				CLANG_WARN_CONSTANT_CONVERSION = YES;
				CLANG_WARN_DEPRECATED_OBJC_IMPLEMENTATIONS = YES;
				CLANG_WARN_DIRECT_OBJC_ISA_USAGE = YES_ERROR;
				CLANG_WARN_DOCUMENTATION_COMMENTS = YES;
				CLANG_WARN_EMPTY_BODY = YES;
				CLANG_WARN_ENUM_CONVERSION = YES;
				CLANG_WARN_INFINITE_RECURSION = YES;
				CLANG_WARN_INT_CONVERSION = YES;
				CLANG_WARN_NON_LITERAL_NULL_CONVERSION = YES;
				CLANG_WARN_OBJC_IMPLICIT_RETAIN_SELF = YES;
				CLANG_WARN_OBJC_LITERAL_CONVERSION = YES;
				CLANG_WARN_OBJC_ROOT_CLASS = YES_ERROR;
				CLANG_WARN_QUOTED_INCLUDE_IN_FRAMEWORK_HEADER = YES;
				CLANG_WARN_RANGE_LOOP_ANALYSIS = YES;
				CLANG_WARN_STRICT_PROTOTYPES = YES;
				CLANG_WARN_SUSPICIOUS_MOVE = YES;
				CLANG_WARN_UNGUARDED_AVAILABILITY = YES_AGGRESSIVE;
				CLANG_WARN_UNREACHABLE_CODE = YES;
				CLANG_WARN__DUPLICATE_METHOD_MATCH = YES;
				COPY_PHASE_STRIP = NO;
				DEBUG_INFORMATION_FORMAT = "dwarf-with-dsym";
				ENABLE_NS_ASSERTIONS = NO;
				ENABLE_STRICT_OBJC_MSGSEND = YES;
				GCC_C_LANGUAGE_STANDARD = gnu17;
				GCC_NO_COMMON_BLOCKS = YES;
				GCC_WARN_64_TO_32_BIT_CONVERSION = YES;
				GCC_WARN_ABOUT_RETURN_TYPE = YES_ERROR;
				GCC_WARN_UNDECLARED_SELECTOR = YES;
				GCC_WARN_UNINITIALIZED_AUTOS = YES_AGGRESSIVE;
				GCC_WARN_UNUSED_FUNCTION = YES;
				GCC_WARN_UNUSED_VARIABLE = YES;
				LOCALIZATION_PREFERS_STRING_CATALOGS = YES;
				MTL_ENABLE_DEBUG_INFO = NO;
				MTL_FAST_MATH = YES;
				SDKROOT = macosx;
				SWIFT_COMPILATION_MODE = wholemodule;
			};
			name = Release;
		};
		2F5F20372C2A4F9200AB003 /* Debug */ = {
			isa = XCBuildConfiguration;
			buildSettings = {
				CODE_SIGN_IDENTITY = "-";
				CODE_SIGN_STYLE = Manual;
				COMBINE_HIDPI_IMAGES = YES;
				CURRENT_PROJECT_VERSION = 1;
				DEVELOPMENT_TEAM = "";
				ENABLE_HARDENED_RUNTIME = YES;
				ENABLE_USER_SCRIPT_SANDBOXING = NO;
				GENERATE_INFOPLIST_FILE = NO;
				INFOPLIST_FILE = Resources/Info.plist;
				LD_RUNPATH_SEARCH_PATHS = (
					"$(inherited)",
					"@executable_path/../Frameworks",
				);
				MACOSX_DEPLOYMENT_TARGET = 14.0;
				MARKETING_VERSION = 1.0;
				PRODUCT_BUNDLE_IDENTIFIER = "dev.codex.wwdc26-countdown";
				PRODUCT_NAME = WWDC26Countdown;
				SDKROOT = macosx;
				SUPPORTED_PLATFORMS = macosx;
				SWIFT_EMIT_LOC_STRINGS = YES;
				SWIFT_STRICT_CONCURRENCY = complete;
				SWIFT_VERSION = 6.0;
			};
			name = Debug;
		};
		2F5F20372C2A4F9200AB004 /* Release */ = {
			isa = XCBuildConfiguration;
			buildSettings = {
				CODE_SIGN_IDENTITY = "-";
				CODE_SIGN_STYLE = Manual;
				COMBINE_HIDPI_IMAGES = YES;
				CURRENT_PROJECT_VERSION = 1;
				DEVELOPMENT_TEAM = "";
				ENABLE_HARDENED_RUNTIME = YES;
				ENABLE_USER_SCRIPT_SANDBOXING = NO;
				GENERATE_INFOPLIST_FILE = NO;
				INFOPLIST_FILE = Resources/Info.plist;
				LD_RUNPATH_SEARCH_PATHS = (
					"$(inherited)",
					"@executable_path/../Frameworks",
				);
				MACOSX_DEPLOYMENT_TARGET = 14.0;
				MARKETING_VERSION = 1.0;
				PRODUCT_BUNDLE_IDENTIFIER = "dev.codex.wwdc26-countdown";
				PRODUCT_NAME = WWDC26Countdown;
				SDKROOT = macosx;
				SUPPORTED_PLATFORMS = macosx;
				SWIFT_EMIT_LOC_STRINGS = YES;
				SWIFT_STRICT_CONCURRENCY = complete;
				SWIFT_VERSION = 6.0;
			};
			name = Release;
		};
		AA280F7292DDC5BC006786BF /* Release */ = {
			isa = XCBuildConfiguration;
			buildSettings = {
				ASSETCATALOG_COMPILER_APPICON_NAME = AppIcon;
				ASSETCATALOG_COMPILER_GLOBAL_ACCENT_COLOR_NAME = AccentColor;
				CLANG_ENABLE_OBJC_WEAK = NO;
				CODE_SIGN_STYLE = Automatic;
				CURRENT_PROJECT_VERSION = 1;
				DEVELOPMENT_TEAM = KYCVLD89Y4;
				GENERATE_INFOPLIST_FILE = NO;
				INFOPLIST_FILE = "Resources/Info-iOS.plist";
				IPHONEOS_DEPLOYMENT_TARGET = 26.0;
				LD_RUNPATH_SEARCH_PATHS = (
					"$(inherited)",
					"@executable_path/Frameworks",
				);
				MARKETING_VERSION = 1.0;
				PRODUCT_BUNDLE_IDENTIFIER = "dev.codex.wwdc26-countdown.ios";
				PRODUCT_NAME = WWDC26Countdown;
				SDKROOT = iphoneos;
				SUPPORTED_PLATFORMS = "iphoneos iphonesimulator";
				SUPPORTS_MACCATALYST = NO;
				SUPPORTS_MAC_DESIGNED_FOR_IPHONE_IPAD = NO;
				SWIFT_EMIT_LOC_STRINGS = YES;
				SWIFT_STRICT_CONCURRENCY = complete;
				SWIFT_VERSION = 6.0;
				TARGETED_DEVICE_FAMILY = "1,2";
				VALIDATE_PRODUCT = YES;
			};
			name = Release;
		};
/* End XCBuildConfiguration section */

/* Begin XCConfigurationList section */
		2F5F20372C2A4F9200AA001 /* Build configuration list for PBXProject "WWDC26Countdown" */ = {
			isa = XCConfigurationList;
			buildConfigurations = (
				2F5F20372C2A4F9200AB001 /* Debug */,
				2F5F20372C2A4F9200AB002 /* Release */,
			);
			defaultConfigurationIsVisible = 0;
			defaultConfigurationName = Release;
		};
		2F5F20372C2A4F9200AA002 /* Build configuration list for PBXNativeTarget "WWDC26Countdown" */ = {
			isa = XCConfigurationList;
			buildConfigurations = (
				2F5F20372C2A4F9200AB003 /* Debug */,
				2F5F20372C2A4F9200AB004 /* Release */,
			);
			defaultConfigurationIsVisible = 0;
			defaultConfigurationName = Release;
		};
		8893F79C780AFAE565B0F4E9 /* Build configuration list for PBXNativeTarget "WWDC26Countdown iOS" */ = {
			isa = XCConfigurationList;
			buildConfigurations = (
				AA280F7292DDC5BC006786BF /* Release */,
				2023A325C0A2B9905B39BAB1 /* Debug */,
			);
			defaultConfigurationIsVisible = 0;
			defaultConfigurationName = Release;
		};
/* End XCConfigurationList section */
	};
	rootObject = 2F5F20372C2A4F9200A00001 /* Project object */;
}
